
Microsoft Visual Studio Solution File, Format Version 11.00
# Visual Studio 2010
Project("{FAE04EC0-301F-11D3-BF4B-00C04F79EFBC}") = "ThreeBytes.ProjectHollywood.Messages", "ThreeBytes.ProjectHollywood.Messages\ThreeBytes.ProjectHollywood.Messages.csproj", "{028B4502-DF6F-422E-B61D-A454421E374E}"
EndProject
Global
	GlobalSection(SolutionConfigurationPlatforms) = preSolution
		Debug|Any CPU = Debug|Any CPU
		Release|Any CPU = Release|Any CPU
	EndGlobalSection
	GlobalSection(ProjectConfigurationPlatforms) = postSolution
		{028B4502-DF6F-422E-B61D-A454421E374E}.Debug|Any CPU.ActiveCfg = Debug|Any CPU
		{028B4502-DF6F-422E-B61D-A454421E374E}.Debug|Any CPU.Build.0 = Debug|Any CPU
		{028B4502-DF6F-422E-B61D-A454421E374E}.Release|Any CPU.ActiveCfg = Release|Any CPU
		{028B4502-DF6F-422E-B61D-A454421E374E}.Release|Any CPU.Build.0 = Release|Any CPU
	EndGlobalSection
	GlobalSection(SolutionProperties) = preSolution
		HideSolutionNode = FALSE
	EndGlobalSection
EndGlobal
